
Microsoft Visual Studio Solution File, Format Version 12.00
Project("{FAE04EC0-301F-11D3-BF4B-00C04F79EFBC}") = "rider-starter-app", "rider-starter-app\rider-starter-app.csproj", "{CC5E6653-8AC6-47A0-AD09-CD70D9F5DB1F}"
EndProject
Global
	GlobalSection(SolutionConfigurationPlatforms) = preSolution
		Debug|Any CPU = Debug|Any CPU
		Release|Any CPU = Release|Any CPU
	EndGlobalSection
	GlobalSection(ProjectConfigurationPlatforms) = postSolution
		{CC5E6653-8AC6-47A0-AD09-CD70D9F5DB1F}.Debug|Any CPU.ActiveCfg = Debug|Any CPU
		{CC5E6653-8AC6-47A0-AD09-CD70D9F5DB1F}.Debug|Any CPU.Build.0 = Debug|Any CPU
		{CC5E6653-8AC6-47A0-AD09-CD70D9F5DB1F}.Release|Any CPU.ActiveCfg = Release|Any CPU
		{CC5E6653-8AC6-47A0-AD09-CD70D9F5DB1F}.Release|Any CPU.Build.0 = Release|Any CPU
	EndGlobalSection
EndGlobal
